
Microsoft Visual Studio Solution File, Format Version 12.00
# Visual Studio Version 16
VisualStudioVersion = 16.0.31321.278
MinimumVisualStudioVersion = 10.0.40219.1
Project("{FAE04EC0-301F-11D3-BF4B-00C04F79EFBC}") = "WebApplicationCRUD", "WebApplicationCRUD\WebApplicationCRUD.csproj", "{193ABD9F-7405-43ED-9AA4-338A3378912B}"
EndProject
Global
	GlobalSection(SolutionConfigurationPlatforms) = preSolution
		Debug|Any CPU = Debug|Any CPU
		Release|Any CPU = Release|Any CPU
	EndGlobalSection
	GlobalSection(ProjectConfigurationPlatforms) = postSolution
		{193ABD9F-7405-43ED-9AA4-338A3378912B}.Debug|Any CPU.ActiveCfg = Debug|Any CPU
		{193ABD9F-7405-43ED-9AA4-338A3378912B}.Debug|Any CPU.Build.0 = Debug|Any CPU
		{193ABD9F-7405-43ED-9AA4-338A3378912B}.Release|Any CPU.ActiveCfg = Release|Any CPU
		{193ABD9F-7405-43ED-9AA4-338A3378912B}.Release|Any CPU.Build.0 = Release|Any CPU
	EndGlobalSection
	GlobalSection(SolutionProperties) = preSolution
		HideSolutionNode = FALSE
	EndGlobalSection
	GlobalSection(ExtensibilityGlobals) = postSolution
		SolutionGuid = {D3C7CABC-3209-4273-B79C-A14C92799F45}
	EndGlobalSection
EndGlobal
